
Microsoft Visual Studio Solution File, Format Version 12.00
# Visual Studio Version 16
VisualStudioVersion = 16.0.30114.105
MinimumVisualStudioVersion = 10.0.40219.1
Project("{FAE04EC0-301F-11D3-BF4B-00C04F79EFBC}") = "BlogTool", "BlogTool\BlogTool.csproj", "{B1F77EE1-4B8F-4052-8B53-C269BD6E45E9}"
EndProject
Project("{FAE04EC0-301F-11D3-BF4B-00C04F79EFBC}") = "BlogTool.Tests", "BlogTool.Tests\BlogTool.Tests.csproj", "{6D5CC733-115A-4275-A369-287992278B71}"
EndProject
Global
	GlobalSection(SolutionConfigurationPlatforms) = preSolution
		Debug|Any CPU = Debug|Any CPU
		Release|Any CPU = Release|Any CPU
	EndGlobalSection
	GlobalSection(SolutionProperties) = preSolution
		HideSolutionNode = FALSE
	EndGlobalSection
	GlobalSection(ProjectConfigurationPlatforms) = postSolution
		{B1F77EE1-4B8F-4052-8B53-C269BD6E45E9}.Debug|Any CPU.ActiveCfg = Debug|Any CPU
		{B1F77EE1-4B8F-4052-8B53-C269BD6E45E9}.Debug|Any CPU.Build.0 = Debug|Any CPU
		{B1F77EE1-4B8F-4052-8B53-C269BD6E45E9}.Release|Any CPU.ActiveCfg = Release|Any CPU
		{B1F77EE1-4B8F-4052-8B53-C269BD6E45E9}.Release|Any CPU.Build.0 = Release|Any CPU
		{6D5CC733-115A-4275-A369-287992278B71}.Debug|Any CPU.ActiveCfg = Debug|Any CPU
		{6D5CC733-115A-4275-A369-287992278B71}.Debug|Any CPU.Build.0 = Debug|Any CPU
		{6D5CC733-115A-4275-A369-287992278B71}.Release|Any CPU.ActiveCfg = Release|Any CPU
		{6D5CC733-115A-4275-A369-287992278B71}.Release|Any CPU.Build.0 = Release|Any CPU
	EndGlobalSection
EndGlobal
